# This file was autogenerated by Stack.
# You should not edit this file by hand.
# For more information, please see the documentation at:
#   https://docs.haskellstack.org/en/stable/lock_files

packages:
- completed:
    hackage: megaparsec-9.4.1@sha256:200835a92db40df881db55f6f95b25b7d41ecd762c1d7479dcff9dea0f09b782,3219
    pantry-tree:
      sha256: 953b6e9f385273d8b43115a2c7fc21ba9efc512fff55a22a2c55db42dd1559cd
      size: 1591
  original:
    hackage: megaparsec-9.4.1
- completed:
    hackage: case-insensitive-1.2.1.0@sha256:9dfd3171fc7698cf8d931727d3af3a7b389135b583e46b5adac1f9d2026fff61,2244
    pantry-tree:
      sha256: d6f175b17eacce002fc5336c17e119d989bd97f8ad9702446163c9e27c7c79b7
      size: 688
  original:
    hackage: case-insensitive-1.2.1.0
- completed:
    hackage: parser-combinators-1.3.0@sha256:edd54ba56cbae8fadbcceebcfef31b2c70a835e92e5eda41151b939c40647281,1570
    pantry-tree:
      sha256: 0754c8d3f213156877f8085da2ad74433167a6c30272b8b64119a2628bd7ade0
      size: 795
  original:
    hackage: parser-combinators-1.3.0
- completed:
    hackage: scientific-0.3.7.0@sha256:26d8109106963a345368011081453d25ee1dfa6afae2b1f57b426b4bcd392d91,4854
    pantry-tree:
      sha256: a43cd3b3aa7d7d12d3aaa8fa0f1d018c5db9ea11fa3edcd909fda3dfa58538ac
      size: 657
  original:
    hackage: scientific-0.3.7.0
- completed:
    hackage: hashable-1.4.2.0@sha256:585792335d5541dba78fa8dfcb291a89cd5812a281825ff7a44afa296ab5d58a,4520
    pantry-tree:
      sha256: 792a6cab3f15c5db29d759c8ca735d0be5f4c94f363329652f8b9780009d0829
      size: 1248
  original:
    hackage: hashable-1.4.2.0
- completed:
    hackage: integer-logarithms-1.0.3.1@sha256:336fb40c3af19a59dbeb4e5b7bffe4b4c7fa04ab06006a8d4b70b1febc1bb4ca,3262
    pantry-tree:
      sha256: 529f0879fa0dd5621748208df9451b55e5d8edcc22c0e6639666f6196d6636eb
      size: 865
  original:
    hackage: integer-logarithms-1.0.3.1
- completed:
    hackage: primitive-0.8.0.0@sha256:826bf2a702a26ef87532a135808abad69d74f70ead39f26c06d034b1f0537a19,3104
    pantry-tree:
      sha256: eaf8b0689d5a3cbc38b5a5b4bf665ec5822ad0060e8876b26bf6f13b9741295a
      size: 1721
  original:
    hackage: primitive-0.8.0.0
snapshots: []
